
Microsoft Visual Studio Solution File, Format Version 12.00
# Visual Studio Version 17
VisualStudioVersion = 17.4.33213.308
MinimumVisualStudioVersion = 10.0.40219.1
Project("{2150E333-8FDC-42A3-9474-1A3956D46DE8}") = "1.UI", "1.UI", "{D95E9EB7-0ABE-48AA-9110-E84CCA8BBA3B}"
EndProject
Project("{2150E333-8FDC-42A3-9474-1A3956D46DE8}") = "2.DOMAIN", "2.DOMAIN", "{A95B6A61-969D-4769-81C1-BF9FD20AA9AE}"
EndProject
Project("{2150E333-8FDC-42A3-9474-1A3956D46DE8}") = "3.REPOSITORIE", "3.REPOSITORIE", "{3093F799-45DE-44C6-8B5F-8853561F8ACE}"
EndProject
Project("{2150E333-8FDC-42A3-9474-1A3956D46DE8}") = "4.DATA", "4.DATA", "{D407FF4B-0138-41B2-A8A3-700EF4B4052A}"
EndProject
Project("{F184B08F-C81C-45F6-A57F-5ABD9991F28F}") = "Jonatha_WEB_FORM_VB_POSTAGEM_E_NOTICIAS_DATA", "Jonatha_WEB_FORM_VB_POSTAGEM_E_NOTICIAS_DATA\Jonatha_WEB_FORM_VB_POSTAGEM_E_NOTICIAS_DATA.vbproj", "{03FF3E3E-5329-4747-9771-1BF12C72FA03}"
EndProject
Project("{F184B08F-C81C-45F6-A57F-5ABD9991F28F}") = "Jonatha_WEB_FORM_VB_POSTAGEM_E_NOTICIAS_REPOSITORIE", "Jonatha_WEB_FORM_VB_POSTAGEM_E_NOTICIAS_REPOSITORIE\Jonatha_WEB_FORM_VB_POSTAGEM_E_NOTICIAS_REPOSITORIE.vbproj", "{802CA311-666B-4312-82EC-0CE7FE61D834}"
EndProject
Project("{F184B08F-C81C-45F6-A57F-5ABD9991F28F}") = "Jonatha_WEB_FORM_VB_POSTAGEM_E_NOTICIAS_DOMAIN", "Jonatha_WEB_FORM_VB_POSTAGEM_E_NOTICIAS_DOMAIN\Jonatha_WEB_FORM_VB_POSTAGEM_E_NOTICIAS_DOMAIN.vbproj", "{F8201BA0-1A14-4F04-ADC0-D17CA489F3E2}"
EndProject
Project("{F184B08F-C81C-45F6-A57F-5ABD9991F28F}") = "Jonatha_WEB_FORM_VB_POSTAGEM_E_NOTICIAS_UI", "Jonatha_WEB_FORM_VB_POSTAGEM_E_NOTICIAS_UI\Jonatha_WEB_FORM_VB_POSTAGEM_E_NOTICIAS_UI.vbproj", "{19A98E7F-F46E-4B6A-BFBF-CFB4034CCE0E}"
EndProject
Project("{2150E333-8FDC-42A3-9474-1A3956D46DE8}") = "Itens de Solução", "Itens de Solução", "{D6B1526D-D575-4BD8-9258-473A878AD542}"
	ProjectSection(SolutionItems) = preProject
		README.md = README.md
	EndProjectSection
EndProject
Global
	GlobalSection(SolutionConfigurationPlatforms) = preSolution
		Debug|Any CPU = Debug|Any CPU
		Release|Any CPU = Release|Any CPU
	EndGlobalSection
	GlobalSection(ProjectConfigurationPlatforms) = postSolution
		{03FF3E3E-5329-4747-9771-1BF12C72FA03}.Debug|Any CPU.ActiveCfg = Debug|Any CPU
		{03FF3E3E-5329-4747-9771-1BF12C72FA03}.Debug|Any CPU.Build.0 = Debug|Any CPU
		{03FF3E3E-5329-4747-9771-1BF12C72FA03}.Release|Any CPU.ActiveCfg = Release|Any CPU
		{03FF3E3E-5329-4747-9771-1BF12C72FA03}.Release|Any CPU.Build.0 = Release|Any CPU
		{802CA311-666B-4312-82EC-0CE7FE61D834}.Debug|Any CPU.ActiveCfg = Debug|Any CPU
		{802CA311-666B-4312-82EC-0CE7FE61D834}.Debug|Any CPU.Build.0 = Debug|Any CPU
		{802CA311-666B-4312-82EC-0CE7FE61D834}.Release|Any CPU.ActiveCfg = Release|Any CPU
		{802CA311-666B-4312-82EC-0CE7FE61D834}.Release|Any CPU.Build.0 = Release|Any CPU
		{F8201BA0-1A14-4F04-ADC0-D17CA489F3E2}.Debug|Any CPU.ActiveCfg = Debug|Any CPU
		{F8201BA0-1A14-4F04-ADC0-D17CA489F3E2}.Debug|Any CPU.Build.0 = Debug|Any CPU
		{F8201BA0-1A14-4F04-ADC0-D17CA489F3E2}.Release|Any CPU.ActiveCfg = Release|Any CPU
		{F8201BA0-1A14-4F04-ADC0-D17CA489F3E2}.Release|Any CPU.Build.0 = Release|Any CPU
		{19A98E7F-F46E-4B6A-BFBF-CFB4034CCE0E}.Debug|Any CPU.ActiveCfg = Debug|Any CPU
		{19A98E7F-F46E-4B6A-BFBF-CFB4034CCE0E}.Debug|Any CPU.Build.0 = Debug|Any CPU
		{19A98E7F-F46E-4B6A-BFBF-CFB4034CCE0E}.Release|Any CPU.ActiveCfg = Release|Any CPU
		{19A98E7F-F46E-4B6A-BFBF-CFB4034CCE0E}.Release|Any CPU.Build.0 = Release|Any CPU
	EndGlobalSection
	GlobalSection(SolutionProperties) = preSolution
		HideSolutionNode = FALSE
	EndGlobalSection
	GlobalSection(NestedProjects) = preSolution
		{03FF3E3E-5329-4747-9771-1BF12C72FA03} = {D407FF4B-0138-41B2-A8A3-700EF4B4052A}
		{802CA311-666B-4312-82EC-0CE7FE61D834} = {3093F799-45DE-44C6-8B5F-8853561F8ACE}
		{F8201BA0-1A14-4F04-ADC0-D17CA489F3E2} = {A95B6A61-969D-4769-81C1-BF9FD20AA9AE}
		{19A98E7F-F46E-4B6A-BFBF-CFB4034CCE0E} = {D95E9EB7-0ABE-48AA-9110-E84CCA8BBA3B}
	EndGlobalSection
	GlobalSection(ExtensibilityGlobals) = postSolution
		SolutionGuid = {192354AD-C99E-47DC-89B6-FA6C99FF54C9}
	EndGlobalSection
EndGlobal
